
Microsoft Visual Studio Solution File, Format Version 12.00
# Visual Studio Version 16
VisualStudioVersion = 16.0.29123.88
MinimumVisualStudioVersion = 10.0.40219.1
Project("{FAE04EC0-301F-11D3-BF4B-00C04F79EFBC}") = "Turbo", "Turbo\Turbo.csproj", "{0AA5993A-40F3-4EF1-A18C-EC7E6A99C55F}"
EndProject
Global
	GlobalSection(SolutionConfigurationPlatforms) = preSolution
		Debug|Any CPU = Debug|Any CPU
		Release|Any CPU = Release|Any CPU
	EndGlobalSection
	GlobalSection(ProjectConfigurationPlatforms) = postSolution
		{0AA5993A-40F3-4EF1-A18C-EC7E6A99C55F}.Debug|Any CPU.ActiveCfg = Debug|Any CPU
		{0AA5993A-40F3-4EF1-A18C-EC7E6A99C55F}.Debug|Any CPU.Build.0 = Debug|Any CPU
		{0AA5993A-40F3-4EF1-A18C-EC7E6A99C55F}.Release|Any CPU.ActiveCfg = Release|Any CPU
		{0AA5993A-40F3-4EF1-A18C-EC7E6A99C55F}.Release|Any CPU.Build.0 = Release|Any CPU
	EndGlobalSection
	GlobalSection(SolutionProperties) = preSolution
		HideSolutionNode = FALSE
	EndGlobalSection
	GlobalSection(ExtensibilityGlobals) = postSolution
		SolutionGuid = {9FA86B67-C78D-4E8D-922A-74746A7E116B}
	EndGlobalSection
EndGlobal
